// !$*UTF8*$!
{
	archiveVersion = 1;
	classes = {
	};
	objectVersion = 46;
	objects = {

/* Begin PBXBuildFile section */
		3430C7D51F3DA6A3002A9216 /* CoreLocation.framework in Frameworks */ = {isa = PBXBuildFile; fileRef = 3430C7D41F3DA6A3002A9216 /* CoreLocation.framework */; };
		346339951F3F5543006A3610 /* Assets.xcassets in Resources */ = {isa = PBXBuildFile; fileRef = 346339941F3F5543006A3610 /* Assets.xcassets */; };
		346339991F3FCAA4006A3610 /* RemoveTheWordViewController.swift in Sources */ = {isa = PBXBuildFile; fileRef = 346339981F3FCAA4006A3610 /* RemoveTheWordViewController.swift */; };
		348A25EC1F3FEE7400DA4D39 /* Main.storyboard in Resources */ = {isa = PBXBuildFile; fileRef = 348C88DF1F3B1314003BAA88 /* Main.storyboard */; };
		348C88DC1F3B1314003BAA88 /* AppDelegate.swift in Sources */ = {isa = PBXBuildFile; fileRef = 348C88DB1F3B1314003BAA88 /* AppDelegate.swift */; };
		348C88DE1F3B1314003BAA88 /* HomeViewController.swift in Sources */ = {isa = PBXBuildFile; fileRef = 348C88DD1F3B1314003BAA88 /* HomeViewController.swift */; };
		348C88E41F3B1314003BAA88 /* __.xcdatamodeld in Sources */ = {isa = PBXBuildFile; fileRef = 348C88E21F3B1314003BAA88 /* __.xcdatamodeld */; };
		348C88E91F3B1314003BAA88 /* LaunchScreen.storyboard in Resources */ = {isa = PBXBuildFile; fileRef = 348C88E71F3B1314003BAA88 /* LaunchScreen.storyboard */; };
/* End PBXBuildFile section */

/* Begin PBXFileReference section */
		3430C7D41F3DA6A3002A9216 /* CoreLocation.framework */ = {isa = PBXFileReference; lastKnownFileType = wrapper.framework; name = CoreLocation.framework; path = System/Library/Frameworks/CoreLocation.framework; sourceTree = SDKROOT; };
		3430C7D61F3DA7F0002A9216 /* MapKit.framework */ = {isa = PBXFileReference; lastKnownFileType = wrapper.framework; name = MapKit.framework; path = System/Library/Frameworks/MapKit.framework; sourceTree = SDKROOT; };
		346339941F3F5543006A3610 /* Assets.xcassets */ = {isa = PBXFileReference; lastKnownFileType = folder.assetcatalog; path = Assets.xcassets; sourceTree = "<group>"; };
		346339981F3FCAA4006A3610 /* RemoveTheWordViewController.swift */ = {isa = PBXFileReference; fileEncoding = 4; lastKnownFileType = sourcecode.swift; path = RemoveTheWordViewController.swift; sourceTree = "<group>"; };
		348C88D81F3B1314003BAA88 /* 孤岛.app */ = {isa = PBXFileReference; explicitFileType = wrapper.application; includeInIndex = 0; path = "孤岛.app"; sourceTree = BUILT_PRODUCTS_DIR; };
		348C88DB1F3B1314003BAA88 /* AppDelegate.swift */ = {isa = PBXFileReference; lastKnownFileType = sourcecode.swift; path = AppDelegate.swift; sourceTree = "<group>"; };
		348C88DD1F3B1314003BAA88 /* HomeViewController.swift */ = {isa = PBXFileReference; lastKnownFileType = sourcecode.swift; path = HomeViewController.swift; sourceTree = "<group>"; };
		348C88E01F3B1314003BAA88 /* Base */ = {isa = PBXFileReference; lastKnownFileType = file.storyboard; name = Base; path = Base.lproj/Main.storyboard; sourceTree = "<group>"; };
		348C88E31F3B1314003BAA88 /* __.xcdatamodel */ = {isa = PBXFileReference; lastKnownFileType = wrapper.xcdatamodel; path = __.xcdatamodel; sourceTree = "<group>"; };
		348C88E81F3B1314003BAA88 /* Base */ = {isa = PBXFileReference; lastKnownFileType = file.storyboard; name = Base; path = Base.lproj/LaunchScreen.storyboard; sourceTree = "<group>"; };
		348C88EA1F3B1314003BAA88 /* Info.plist */ = {isa = PBXFileReference; lastKnownFileType = text.plist.xml; path = Info.plist; sourceTree = "<group>"; };
/* End PBXFileReference section */

/* Begin PBXFrameworksBuildPhase section */
		348C88D51F3B1314003BAA88 /* Frameworks */ = {
			isa = PBXFrameworksBuildPhase;
			buildActionMask = 2147483647;
			files = (
				3430C7D51F3DA6A3002A9216 /* CoreLocation.framework in Frameworks */,
			);
			runOnlyForDeploymentPostprocessing = 0;
		};
/* End PBXFrameworksBuildPhase section */

/* Begin PBXGroup section */
		3430C7D31F3DA6A3002A9216 /* Frameworks */ = {
			isa = PBXGroup;
			children = (
				3430C7D61F3DA7F0002A9216 /* MapKit.framework */,
				3430C7D41F3DA6A3002A9216 /* CoreLocation.framework */,
			);
			name = Frameworks;
			sourceTree = "<group>";
		};
		348C88CF1F3B1314003BAA88 = {
			isa = PBXGroup;
			children = (
				348C88DA1F3B1314003BAA88 /* 孤岛 */,
				348C88D91F3B1314003BAA88 /* Products */,
				3430C7D31F3DA6A3002A9216 /* Frameworks */,
			);
			sourceTree = "<group>";
		};
		348C88D91F3B1314003BAA88 /* Products */ = {
			isa = PBXGroup;
			children = (
				348C88D81F3B1314003BAA88 /* 孤岛.app */,
			);
			name = Products;
			sourceTree = "<group>";
		};
		348C88DA1F3B1314003BAA88 /* 孤岛 */ = {
			isa = PBXGroup;
			children = (
				348C88DB1F3B1314003BAA88 /* AppDelegate.swift */,
				348C88DD1F3B1314003BAA88 /* HomeViewController.swift */,
				346339981F3FCAA4006A3610 /* RemoveTheWordViewController.swift */,
				348C88DF1F3B1314003BAA88 /* Main.storyboard */,
				346339941F3F5543006A3610 /* Assets.xcassets */,
				348C88E71F3B1314003BAA88 /* LaunchScreen.storyboard */,
				348C88EA1F3B1314003BAA88 /* Info.plist */,
				348C88E21F3B1314003BAA88 /* __.xcdatamodeld */,
			);
			path = "孤岛";
			sourceTree = "<group>";
		};
/* End PBXGroup section */

/* Begin PBXNativeTarget section */
		348C88D71F3B1314003BAA88 /* 孤岛 */ = {
			isa = PBXNativeTarget;
			buildConfigurationList = 348C88ED1F3B1314003BAA88 /* Build configuration list for PBXNativeTarget "孤岛" */;
			buildPhases = (
				348C88D41F3B1314003BAA88 /* Sources */,
				348C88D51F3B1314003BAA88 /* Frameworks */,
				348C88D61F3B1314003BAA88 /* Resources */,
			);
			buildRules = (
			);
			dependencies = (
			);
			name = "孤岛";
			productName = "孤岛";
			productReference = 348C88D81F3B1314003BAA88 /* 孤岛.app */;
			productType = "com.apple.product-type.application";
		};
/* End PBXNativeTarget section */

/* Begin PBXProject section */
		348C88D01F3B1314003BAA88 /* Project object */ = {
			isa = PBXProject;
			attributes = {
				LastSwiftUpdateCheck = 0830;
				LastUpgradeCheck = 0830;
				ORGANIZATIONNAME = com.storypanda;
				TargetAttributes = {
					348C88D71F3B1314003BAA88 = {
						CreatedOnToolsVersion = 8.3.3;
						DevelopmentTeam = ZB3ZA7K23P;
						ProvisioningStyle = Automatic;
					};
				};
			};
			buildConfigurationList = 348C88D31F3B1314003BAA88 /* Build configuration list for PBXProject "孤岛" */;
			compatibilityVersion = "Xcode 3.2";
			developmentRegion = English;
			hasScannedForEncodings = 0;
			knownRegions = (
				en,
				Base,
			);
			mainGroup = 348C88CF1F3B1314003BAA88;
			productRefGroup = 348C88D91F3B1314003BAA88 /* Products */;
			projectDirPath = "";
			projectRoot = "";
			targets = (
				348C88D71F3B1314003BAA88 /* 孤岛 */,
			);
		};
/* End PBXProject section */

/* Begin PBXResourcesBuildPhase section */
		348C88D61F3B1314003BAA88 /* Resources */ = {
			isa = PBXResourcesBuildPhase;
			buildActionMask = 2147483647;
			files = (
				348A25EC1F3FEE7400DA4D39 /* Main.storyboard in Resources */,
				348C88E91F3B1314003BAA88 /* LaunchScreen.storyboard in Resources */,
				346339951F3F5543006A3610 /* Assets.xcassets in Resources */,
			);
			runOnlyForDeploymentPostprocessing = 0;
		};
/* End PBXResourcesBuildPhase section */

/* Begin PBXSourcesBuildPhase section */
		348C88D41F3B1314003BAA88 /* Sources */ = {
			isa = PBXSourcesBuildPhase;
			buildActionMask = 2147483647;
			files = (
				346339991F3FCAA4006A3610 /* RemoveTheWordViewController.swift in Sources */,
				348C88E41F3B1314003BAA88 /* __.xcdatamodeld in Sources */,
				348C88DE1F3B1314003BAA88 /* HomeViewController.swift in Sources */,
				348C88DC1F3B1314003BAA88 /* AppDelegate.swift in Sources */,
			);
			runOnlyForDeploymentPostprocessing = 0;
		};
/* End PBXSourcesBuildPhase section */

/* Begin PBXVariantGroup section */
		348C88DF1F3B1314003BAA88 /* Main.storyboard */ = {
			isa = PBXVariantGroup;
			children = (
				348C88E01F3B1314003BAA88 /* Base */,
			);
			name = Main.storyboard;
			sourceTree = "<group>";
		};
		348C88E71F3B1314003BAA88 /* LaunchScreen.storyboard */ = {
			isa = PBXVariantGroup;
			children = (
				348C88E81F3B1314003BAA88 /* Base */,
			);
			name = LaunchScreen.storyboard;
			sourceTree = "<group>";
		};
/* End PBXVariantGroup section */

/* Begin XCBuildConfiguration section */
		348C88EB1F3B1314003BAA88 /* Debug */ = {
			isa = XCBuildConfiguration;
			buildSettings = {
				ALWAYS_SEARCH_USER_PATHS = NO;
				CLANG_ANALYZER_NONNULL = YES;
				CLANG_ANALYZER_NUMBER_OBJECT_CONVERSION = YES_AGGRESSIVE;
				CLANG_CXX_LANGUAGE_STANDARD = "gnu++0x";
				CLANG_CXX_LIBRARY = "libc++";
				CLANG_ENABLE_MODULES = YES;
				CLANG_ENABLE_OBJC_ARC = YES;
				CLANG_WARN_BOOL_CONVERSION = YES;
				CLANG_WARN_CONSTANT_CONVERSION = YES;
				CLANG_WARN_DIRECT_OBJC_ISA_USAGE = YES_ERROR;
				CLANG_WARN_DOCUMENTATION_COMMENTS = YES;
				CLANG_WARN_EMPTY_BODY = YES;
				CLANG_WARN_ENUM_CONVERSION = YES;
				CLANG_WARN_INFINITE_RECURSION = YES;
				CLANG_WARN_INT_CONVERSION = YES;
				CLANG_WARN_OBJC_ROOT_CLASS = YES_ERROR;
				CLANG_WARN_SUSPICIOUS_MOVE = YES;
				CLANG_WARN_UNREACHABLE_CODE = YES;
				CLANG_WARN__DUPLICATE_METHOD_MATCH = YES;
				"CODE_SIGN_IDENTITY[sdk=iphoneos*]" = "iPhone Developer";
				COPY_PHASE_STRIP = NO;
				DEBUG_INFORMATION_FORMAT = dwarf;
				ENABLE_STRICT_OBJC_MSGSEND = YES;
				ENABLE_TESTABILITY = YES;
				GCC_C_LANGUAGE_STANDARD = gnu99;
				GCC_DYNAMIC_NO_PIC = NO;
				GCC_NO_COMMON_BLOCKS = YES;
				GCC_OPTIMIZATION_LEVEL = 0;
				GCC_PREPROCESSOR_DEFINITIONS = (
					"DEBUG=1",
					"$(inherited)",
				);
				GCC_WARN_64_TO_32_BIT_CONVERSION = YES;
				GCC_WARN_ABOUT_RETURN_TYPE = YES_ERROR;
				GCC_WARN_UNDECLARED_SELECTOR = YES;
				GCC_WARN_UNINITIALIZED_AUTOS = YES_AGGRESSIVE;
				GCC_WARN_UNUSED_FUNCTION = YES;
				GCC_WARN_UNUSED_VARIABLE = YES;
				IPHONEOS_DEPLOYMENT_TARGET = 10.3;
				MTL_ENABLE_DEBUG_INFO = YES;
				ONLY_ACTIVE_ARCH = YES;
				SDKROOT = iphoneos;
				SWIFT_ACTIVE_COMPILATION_CONDITIONS = DEBUG;
				SWIFT_OPTIMIZATION_LEVEL = "-Onone";
			};
			name = Debug;
		};
		348C88EC1F3B1314003BAA88 /* Release */ = {
			isa = XCBuildConfiguration;
			buildSettings = {
				ALWAYS_SEARCH_USER_PATHS = NO;
				CLANG_ANALYZER_NONNULL = YES;
				CLANG_ANALYZER_NUMBER_OBJECT_CONVERSION = YES_AGGRESSIVE;
				CLANG_CXX_LANGUAGE_STANDARD = "gnu++0x";
				CLANG_CXX_LIBRARY = "libc++";
				CLANG_ENABLE_MODULES = YES;
				CLANG_ENABLE_OBJC_ARC = YES;
				CLANG_WARN_BOOL_CONVERSION = YES;
				CLANG_WARN_CONSTANT_CONVERSION = YES;
				CLANG_WARN_DIRECT_OBJC_ISA_USAGE = YES_ERROR;
				CLANG_WARN_DOCUMENTATION_COMMENTS = YES;
				CLANG_WARN_EMPTY_BODY = YES;
				CLANG_WARN_ENUM_CONVERSION = YES;
				CLANG_WARN_INFINITE_RECURSION = YES;
				CLANG_WARN_INT_CONVERSION = YES;
				CLANG_WARN_OBJC_ROOT_CLASS = YES_ERROR;
				CLANG_WARN_SUSPICIOUS_MOVE = YES;
				CLANG_WARN_UNREACHABLE_CODE = YES;
				CLANG_WARN__DUPLICATE_METHOD_MATCH = YES;
				"CODE_SIGN_IDENTITY[sdk=iphoneos*]" = "iPhone Developer";
				COPY_PHASE_STRIP = NO;
				DEBUG_INFORMATION_FORMAT = "dwarf-with-dsym";
				ENABLE_NS_ASSERTIONS = NO;
				ENABLE_STRICT_OBJC_MSGSEND = YES;
				GCC_C_LANGUAGE_STANDARD = gnu99;
				GCC_NO_COMMON_BLOCKS = YES;
				GCC_WARN_64_TO_32_BIT_CONVERSION = YES;
				GCC_WARN_ABOUT_RETURN_TYPE = YES_ERROR;
				GCC_WARN_UNDECLARED_SELECTOR = YES;
				GCC_WARN_UNINITIALIZED_AUTOS = YES_AGGRESSIVE;
				GCC_WARN_UNUSED_FUNCTION = YES;
				GCC_WARN_UNUSED_VARIABLE = YES;
				IPHONEOS_DEPLOYMENT_TARGET = 10.3;
				MTL_ENABLE_DEBUG_INFO = NO;
				SDKROOT = iphoneos;
				SWIFT_OPTIMIZATION_LEVEL = "-Owholemodule";
				VALIDATE_PRODUCT = YES;
			};
			name = Release;
		};
		348C88EE1F3B1314003BAA88 /* Debug */ = {
			isa = XCBuildConfiguration;
			buildSettings = {
				ASSETCATALOG_COMPILER_APPICON_NAME = AppIcon;
				DEVELOPMENT_TEAM = ZB3ZA7K23P;
				INFOPLIST_FILE = "孤岛/Info.plist";
				LD_RUNPATH_SEARCH_PATHS = "$(inherited) @executable_path/Frameworks";
				PRODUCT_BUNDLE_IDENTIFIER = "com.storypanda.--";
				PRODUCT_NAME = "$(TARGET_NAME)";
				SWIFT_VERSION = 3.0;
			};
			name = Debug;
		};
		348C88EF1F3B1314003BAA88 /* Release */ = {
			isa = XCBuildConfiguration;
			buildSettings = {
				ASSETCATALOG_COMPILER_APPICON_NAME = AppIcon;
				DEVELOPMENT_TEAM = ZB3ZA7K23P;
				INFOPLIST_FILE = "孤岛/Info.plist";
				LD_RUNPATH_SEARCH_PATHS = "$(inherited) @executable_path/Frameworks";
				PRODUCT_BUNDLE_IDENTIFIER = "com.storypanda.--";
				PRODUCT_NAME = "$(TARGET_NAME)";
				SWIFT_VERSION = 3.0;
			};
			name = Release;
		};
/* End XCBuildConfiguration section */

/* Begin XCConfigurationList section */
		348C88D31F3B1314003BAA88 /* Build configuration list for PBXProject "孤岛" */ = {
			isa = XCConfigurationList;
			buildConfigurations = (
				348C88EB1F3B1314003BAA88 /* Debug */,
				348C88EC1F3B1314003BAA88 /* Release */,
			);
			defaultConfigurationIsVisible = 0;
			defaultConfigurationName = Release;
		};
		348C88ED1F3B1314003BAA88 /* Build configuration list for PBXNativeTarget "孤岛" */ = {
			isa = XCConfigurationList;
			buildConfigurations = (
				348C88EE1F3B1314003BAA88 /* Debug */,
				348C88EF1F3B1314003BAA88 /* Release */,
			);
			defaultConfigurationIsVisible = 0;
			defaultConfigurationName = Release;
		};
/* End XCConfigurationList section */

/* Begin XCVersionGroup section */
		348C88E21F3B1314003BAA88 /* __.xcdatamodeld */ = {
			isa = XCVersionGroup;
			children = (
				348C88E31F3B1314003BAA88 /* __.xcdatamodel */,
			);
			currentVersion = 348C88E31F3B1314003BAA88 /* __.xcdatamodel */;
			path = __.xcdatamodeld;
			sourceTree = "<group>";
			versionGroupType = wrapper.xcdatamodel;
		};
/* End XCVersionGroup section */
	};
	rootObject = 348C88D01F3B1314003BAA88 /* Project object */;
}
